// !$*UTF8*$!
{
	archiveVersion = 1;
	classes = {
	};
	objectVersion = 46;
	objects = {

/* Begin PBXBuildFile section */
		0AA4CCC51EE6FF4700E86C24 /* flyve-mdm-ios-inventory.framework in Frameworks */ = {isa = PBXBuildFile; fileRef = 0AA4CCBB1EE6FF4600E86C24 /* flyve-mdm-ios-inventory.framework */; };
		0AA4CCCA1EE6FF4700E86C24 /* flyve_mdm_ios_inventoryTests.swift in Sources */ = {isa = PBXBuildFile; fileRef = 0AA4CCC91EE6FF4700E86C24 /* flyve_mdm_ios_inventoryTests.swift */; };
		0AA4CCCC1EE6FF4700E86C24 /* flyve-mdm-ios-inventory.h in Headers */ = {isa = PBXBuildFile; fileRef = 0AA4CCBE1EE6FF4600E86C24 /* flyve-mdm-ios-inventory.h */; settings = {ATTRIBUTES = (Public, ); }; };
/* End PBXBuildFile section */

/* Begin PBXContainerItemProxy section */
		0AA4CCC61EE6FF4700E86C24 /* PBXContainerItemProxy */ = {
			isa = PBXContainerItemProxy;
			containerPortal = 0AA4CCB21EE6FF4600E86C24 /* Project object */;
			proxyType = 1;
			remoteGlobalIDString = 0AA4CCBA1EE6FF4600E86C24;
			remoteInfo = "flyve-mdm-ios-inventory";
		};
/* End PBXContainerItemProxy section */

/* Begin PBXFileReference section */
		0AA4CCBB1EE6FF4600E86C24 /* flyve-mdm-ios-inventory.framework */ = {isa = PBXFileReference; explicitFileType = wrapper.framework; includeInIndex = 0; path = "flyve-mdm-ios-inventory.framework"; sourceTree = BUILT_PRODUCTS_DIR; };
		0AA4CCBE1EE6FF4600E86C24 /* flyve-mdm-ios-inventory.h */ = {isa = PBXFileReference; lastKnownFileType = sourcecode.c.h; path = "flyve-mdm-ios-inventory.h"; sourceTree = "<group>"; };
		0AA4CCBF1EE6FF4600E86C24 /* Info.plist */ = {isa = PBXFileReference; lastKnownFileType = text.plist.xml; path = Info.plist; sourceTree = "<group>"; };
		0AA4CCC41EE6FF4700E86C24 /* flyve-mdm-ios-inventoryTests.xctest */ = {isa = PBXFileReference; explicitFileType = wrapper.cfbundle; includeInIndex = 0; path = "flyve-mdm-ios-inventoryTests.xctest"; sourceTree = BUILT_PRODUCTS_DIR; };
		0AA4CCC91EE6FF4700E86C24 /* flyve_mdm_ios_inventoryTests.swift */ = {isa = PBXFileReference; lastKnownFileType = sourcecode.swift; path = flyve_mdm_ios_inventoryTests.swift; sourceTree = "<group>"; };
		0AA4CCCB1EE6FF4700E86C24 /* Info.plist */ = {isa = PBXFileReference; lastKnownFileType = text.plist.xml; path = Info.plist; sourceTree = "<group>"; };
/* End PBXFileReference section */

/* Begin PBXFrameworksBuildPhase section */
		0AA4CCB71EE6FF4600E86C24 /* Frameworks */ = {
			isa = PBXFrameworksBuildPhase;
			buildActionMask = 2147483647;
			files = (
			);
			runOnlyForDeploymentPostprocessing = 0;
		};
		0AA4CCC11EE6FF4700E86C24 /* Frameworks */ = {
			isa = PBXFrameworksBuildPhase;
			buildActionMask = 2147483647;
			files = (
				0AA4CCC51EE6FF4700E86C24 /* flyve-mdm-ios-inventory.framework in Frameworks */,
			);
			runOnlyForDeploymentPostprocessing = 0;
		};
/* End PBXFrameworksBuildPhase section */

/* Begin PBXGroup section */
		0AA4CCB11EE6FF4600E86C24 = {
			isa = PBXGroup;
			children = (
				0AA4CCBD1EE6FF4600E86C24 /* flyve-mdm-ios-inventory */,
				0AA4CCC81EE6FF4700E86C24 /* flyve-mdm-ios-inventoryTests */,
				0AA4CCBC1EE6FF4600E86C24 /* Products */,
			);
			sourceTree = "<group>";
		};
		0AA4CCBC1EE6FF4600E86C24 /* Products */ = {
			isa = PBXGroup;
			children = (
				0AA4CCBB1EE6FF4600E86C24 /* flyve-mdm-ios-inventory.framework */,
				0AA4CCC41EE6FF4700E86C24 /* flyve-mdm-ios-inventoryTests.xctest */,
			);
			name = Products;
			sourceTree = "<group>";
		};
		0AA4CCBD1EE6FF4600E86C24 /* flyve-mdm-ios-inventory */ = {
			isa = PBXGroup;
			children = (
				0AA4CCBE1EE6FF4600E86C24 /* flyve-mdm-ios-inventory.h */,
				0AA4CCBF1EE6FF4600E86C24 /* Info.plist */,
			);
			path = "flyve-mdm-ios-inventory";
			sourceTree = "<group>";
		};
		0AA4CCC81EE6FF4700E86C24 /* flyve-mdm-ios-inventoryTests */ = {
			isa = PBXGroup;
			children = (
				0AA4CCC91EE6FF4700E86C24 /* flyve_mdm_ios_inventoryTests.swift */,
				0AA4CCCB1EE6FF4700E86C24 /* Info.plist */,
			);
			path = "flyve-mdm-ios-inventoryTests";
			sourceTree = "<group>";
		};
/* End PBXGroup section */

/* Begin PBXHeadersBuildPhase section */
		0AA4CCB81EE6FF4600E86C24 /* Headers */ = {
			isa = PBXHeadersBuildPhase;
			buildActionMask = 2147483647;
			files = (
				0AA4CCCC1EE6FF4700E86C24 /* flyve-mdm-ios-inventory.h in Headers */,
			);
			runOnlyForDeploymentPostprocessing = 0;
		};
/* End PBXHeadersBuildPhase section */

/* Begin PBXNativeTarget section */
		0AA4CCBA1EE6FF4600E86C24 /* flyve-mdm-ios-inventory */ = {
			isa = PBXNativeTarget;
			buildConfigurationList = 0AA4CCCF1EE6FF4700E86C24 /* Build configuration list for PBXNativeTarget "flyve-mdm-ios-inventory" */;
			buildPhases = (
				0AA4CCB61EE6FF4600E86C24 /* Sources */,
				0AA4CCB71EE6FF4600E86C24 /* Frameworks */,
				0AA4CCB81EE6FF4600E86C24 /* Headers */,
				0AA4CCB91EE6FF4600E86C24 /* Resources */,
			);
			buildRules = (
			);
			dependencies = (
			);
			name = "flyve-mdm-ios-inventory";
			productName = "flyve-mdm-ios-inventory";
			productReference = 0AA4CCBB1EE6FF4600E86C24 /* flyve-mdm-ios-inventory.framework */;
			productType = "com.apple.product-type.framework";
		};
		0AA4CCC31EE6FF4700E86C24 /* flyve-mdm-ios-inventoryTests */ = {
			isa = PBXNativeTarget;
			buildConfigurationList = 0AA4CCD21EE6FF4700E86C24 /* Build configuration list for PBXNativeTarget "flyve-mdm-ios-inventoryTests" */;
			buildPhases = (
				0AA4CCC01EE6FF4700E86C24 /* Sources */,
				0AA4CCC11EE6FF4700E86C24 /* Frameworks */,
				0AA4CCC21EE6FF4700E86C24 /* Resources */,
			);
			buildRules = (
			);
			dependencies = (
				0AA4CCC71EE6FF4700E86C24 /* PBXTargetDependency */,
			);
			name = "flyve-mdm-ios-inventoryTests";
			productName = "flyve-mdm-ios-inventoryTests";
			productReference = 0AA4CCC41EE6FF4700E86C24 /* flyve-mdm-ios-inventoryTests.xctest */;
			productType = "com.apple.product-type.bundle.unit-test";
		};
/* End PBXNativeTarget section */

/* Begin PBXProject section */
		0AA4CCB21EE6FF4600E86C24 /* Project object */ = {
			isa = PBXProject;
			attributes = {
				LastSwiftUpdateCheck = 0830;
				LastUpgradeCheck = 0830;
				ORGANIZATIONNAME = s42;
				TargetAttributes = {
					0AA4CCBA1EE6FF4600E86C24 = {
						CreatedOnToolsVersion = 8.3.2;
						DevelopmentTeam = G3UM9C856M;
						ProvisioningStyle = Automatic;
					};
					0AA4CCC31EE6FF4700E86C24 = {
						CreatedOnToolsVersion = 8.3.2;
						DevelopmentTeam = G3UM9C856M;
						ProvisioningStyle = Automatic;
					};
				};
			};
			buildConfigurationList = 0AA4CCB51EE6FF4600E86C24 /* Build configuration list for PBXProject "flyve-mdm-ios-inventory" */;
			compatibilityVersion = "Xcode 3.2";
			developmentRegion = English;
			hasScannedForEncodings = 0;
			knownRegions = (
				en,
			);
			mainGroup = 0AA4CCB11EE6FF4600E86C24;
			productRefGroup = 0AA4CCBC1EE6FF4600E86C24 /* Products */;
			projectDirPath = "";
			projectRoot = "";
			targets = (
				0AA4CCBA1EE6FF4600E86C24 /* flyve-mdm-ios-inventory */,
				0AA4CCC31EE6FF4700E86C24 /* flyve-mdm-ios-inventoryTests */,
			);
		};
/* End PBXProject section */

/* Begin PBXResourcesBuildPhase section */
		0AA4CCB91EE6FF4600E86C24 /* Resources */ = {
			isa = PBXResourcesBuildPhase;
			buildActionMask = 2147483647;
			files = (
			);
			runOnlyForDeploymentPostprocessing = 0;
		};
		0AA4CCC21EE6FF4700E86C24 /* Resources */ = {
			isa = PBXResourcesBuildPhase;
			buildActionMask = 2147483647;
			files = (
			);
			runOnlyForDeploymentPostprocessing = 0;
		};
/* End PBXResourcesBuildPhase section */

/* Begin PBXSourcesBuildPhase section */
		0AA4CCB61EE6FF4600E86C24 /* Sources */ = {
			isa = PBXSourcesBuildPhase;
			buildActionMask = 2147483647;
			files = (
			);
			runOnlyForDeploymentPostprocessing = 0;
		};
		0AA4CCC01EE6FF4700E86C24 /* Sources */ = {
			isa = PBXSourcesBuildPhase;
			buildActionMask = 2147483647;
			files = (
				0AA4CCCA1EE6FF4700E86C24 /* flyve_mdm_ios_inventoryTests.swift in Sources */,
			);
			runOnlyForDeploymentPostprocessing = 0;
		};
/* End PBXSourcesBuildPhase section */

/* Begin PBXTargetDependency section */
		0AA4CCC71EE6FF4700E86C24 /* PBXTargetDependency */ = {
			isa = PBXTargetDependency;
			target = 0AA4CCBA1EE6FF4600E86C24 /* flyve-mdm-ios-inventory */;
			targetProxy = 0AA4CCC61EE6FF4700E86C24 /* PBXContainerItemProxy */;
		};
/* End PBXTargetDependency section */

/* Begin XCBuildConfiguration section */
		0AA4CCCD1EE6FF4700E86C24 /* Debug */ = {
			isa = XCBuildConfiguration;
			buildSettings = {
				ALWAYS_SEARCH_USER_PATHS = NO;
				CLANG_ANALYZER_NONNULL = YES;
				CLANG_ANALYZER_NUMBER_OBJECT_CONVERSION = YES_AGGRESSIVE;
				CLANG_CXX_LANGUAGE_STANDARD = "gnu++0x";
				CLANG_CXX_LIBRARY = "libc++";
				CLANG_ENABLE_MODULES = YES;
				CLANG_ENABLE_OBJC_ARC = YES;
				CLANG_WARN_BOOL_CONVERSION = YES;
				CLANG_WARN_CONSTANT_CONVERSION = YES;
				CLANG_WARN_DIRECT_OBJC_ISA_USAGE = YES_ERROR;
				CLANG_WARN_DOCUMENTATION_COMMENTS = YES;
				CLANG_WARN_EMPTY_BODY = YES;
				CLANG_WARN_ENUM_CONVERSION = YES;
				CLANG_WARN_INFINITE_RECURSION = YES;
				CLANG_WARN_INT_CONVERSION = YES;
				CLANG_WARN_OBJC_ROOT_CLASS = YES_ERROR;
				CLANG_WARN_SUSPICIOUS_MOVE = YES;
				CLANG_WARN_UNREACHABLE_CODE = YES;
				CLANG_WARN__DUPLICATE_METHOD_MATCH = YES;
				"CODE_SIGN_IDENTITY[sdk=iphoneos*]" = "iPhone Developer";
				COPY_PHASE_STRIP = NO;
				CURRENT_PROJECT_VERSION = 1;
				DEBUG_INFORMATION_FORMAT = dwarf;
				ENABLE_STRICT_OBJC_MSGSEND = YES;
				ENABLE_TESTABILITY = YES;
				GCC_C_LANGUAGE_STANDARD = gnu99;
				GCC_DYNAMIC_NO_PIC = NO;
				GCC_NO_COMMON_BLOCKS = YES;
				GCC_OPTIMIZATION_LEVEL = 0;
				GCC_PREPROCESSOR_DEFINITIONS = (
					"DEBUG=1",
					"$(inherited)",
				);
				GCC_WARN_64_TO_32_BIT_CONVERSION = YES;
				GCC_WARN_ABOUT_RETURN_TYPE = YES_ERROR;
				GCC_WARN_UNDECLARED_SELECTOR = YES;
				GCC_WARN_UNINITIALIZED_AUTOS = YES_AGGRESSIVE;
				GCC_WARN_UNUSED_FUNCTION = YES;
				GCC_WARN_UNUSED_VARIABLE = YES;
				IPHONEOS_DEPLOYMENT_TARGET = 10.3;
				MTL_ENABLE_DEBUG_INFO = YES;
				ONLY_ACTIVE_ARCH = YES;
				SDKROOT = iphoneos;
				SWIFT_ACTIVE_COMPILATION_CONDITIONS = DEBUG;
				SWIFT_OPTIMIZATION_LEVEL = "-Onone";
				TARGETED_DEVICE_FAMILY = "1,2";
				VERSIONING_SYSTEM = "apple-generic";
				VERSION_INFO_PREFIX = "";
			};
			name = Debug;
		};
		0AA4CCCE1EE6FF4700E86C24 /* Release */ = {
			isa = XCBuildConfiguration;
			buildSettings = {
				ALWAYS_SEARCH_USER_PATHS = NO;
				CLANG_ANALYZER_NONNULL = YES;
				CLANG_ANALYZER_NUMBER_OBJECT_CONVERSION = YES_AGGRESSIVE;
				CLANG_CXX_LANGUAGE_STANDARD = "gnu++0x";
				CLANG_CXX_LIBRARY = "libc++";
				CLANG_ENABLE_MODULES = YES;
				CLANG_ENABLE_OBJC_ARC = YES;
				CLANG_WARN_BOOL_CONVERSION = YES;
				CLANG_WARN_CONSTANT_CONVERSION = YES;
				CLANG_WARN_DIRECT_OBJC_ISA_USAGE = YES_ERROR;
				CLANG_WARN_DOCUMENTATION_COMMENTS = YES;
				CLANG_WARN_EMPTY_BODY = YES;
				CLANG_WARN_ENUM_CONVERSION = YES;
				CLANG_WARN_INFINITE_RECURSION = YES;
				CLANG_WARN_INT_CONVERSION = YES;
				CLANG_WARN_OBJC_ROOT_CLASS = YES_ERROR;
				CLANG_WARN_SUSPICIOUS_MOVE = YES;
				CLANG_WARN_UNREACHABLE_CODE = YES;
				CLANG_WARN__DUPLICATE_METHOD_MATCH = YES;
				"CODE_SIGN_IDENTITY[sdk=iphoneos*]" = "iPhone Developer";
				COPY_PHASE_STRIP = NO;
				CURRENT_PROJECT_VERSION = 1;
				DEBUG_INFORMATION_FORMAT = "dwarf-with-dsym";
				ENABLE_NS_ASSERTIONS = NO;
				ENABLE_STRICT_OBJC_MSGSEND = YES;
				GCC_C_LANGUAGE_STANDARD = gnu99;
				GCC_NO_COMMON_BLOCKS = YES;
				GCC_WARN_64_TO_32_BIT_CONVERSION = YES;
				GCC_WARN_ABOUT_RETURN_TYPE = YES_ERROR;
				GCC_WARN_UNDECLARED_SELECTOR = YES;
				GCC_WARN_UNINITIALIZED_AUTOS = YES_AGGRESSIVE;
				GCC_WARN_UNUSED_FUNCTION = YES;
				GCC_WARN_UNUSED_VARIABLE = YES;
				IPHONEOS_DEPLOYMENT_TARGET = 10.3;
				MTL_ENABLE_DEBUG_INFO = NO;
				SDKROOT = iphoneos;
				SWIFT_OPTIMIZATION_LEVEL = "-Owholemodule";
				TARGETED_DEVICE_FAMILY = "1,2";
				VALIDATE_PRODUCT = YES;
				VERSIONING_SYSTEM = "apple-generic";
				VERSION_INFO_PREFIX = "";
			};
			name = Release;
		};
		0AA4CCD01EE6FF4700E86C24 /* Debug */ = {
			isa = XCBuildConfiguration;
			buildSettings = {
				CODE_SIGN_IDENTITY = "";
				DEFINES_MODULE = YES;
				DEVELOPMENT_TEAM = G3UM9C856M;
				DYLIB_COMPATIBILITY_VERSION = 1;
				DYLIB_CURRENT_VERSION = 1;
				DYLIB_INSTALL_NAME_BASE = "@rpath";
				INFOPLIST_FILE = "flyve-mdm-ios-inventory/Info.plist";
				INSTALL_PATH = "$(LOCAL_LIBRARY_DIR)/Frameworks";
				LD_RUNPATH_SEARCH_PATHS = "$(inherited) @executable_path/Frameworks @loader_path/Frameworks";
				PRODUCT_BUNDLE_IDENTIFIER = "com.teclib.flyve-mdm-ios-inventory";
				PRODUCT_NAME = "$(TARGET_NAME)";
				SKIP_INSTALL = YES;
				SWIFT_VERSION = 3.0;
			};
			name = Debug;
		};
		0AA4CCD11EE6FF4700E86C24 /* Release */ = {
			isa = XCBuildConfiguration;
			buildSettings = {
				CODE_SIGN_IDENTITY = "";
				DEFINES_MODULE = YES;
				DEVELOPMENT_TEAM = G3UM9C856M;
				DYLIB_COMPATIBILITY_VERSION = 1;
				DYLIB_CURRENT_VERSION = 1;
				DYLIB_INSTALL_NAME_BASE = "@rpath";
				INFOPLIST_FILE = "flyve-mdm-ios-inventory/Info.plist";
				INSTALL_PATH = "$(LOCAL_LIBRARY_DIR)/Frameworks";
				LD_RUNPATH_SEARCH_PATHS = "$(inherited) @executable_path/Frameworks @loader_path/Frameworks";
				PRODUCT_BUNDLE_IDENTIFIER = "com.teclib.flyve-mdm-ios-inventory";
				PRODUCT_NAME = "$(TARGET_NAME)";
				SKIP_INSTALL = YES;
				SWIFT_VERSION = 3.0;
			};
			name = Release;
		};
		0AA4CCD31EE6FF4700E86C24 /* Debug */ = {
			isa = XCBuildConfiguration;
			buildSettings = {
				DEVELOPMENT_TEAM = G3UM9C856M;
				INFOPLIST_FILE = "flyve-mdm-ios-inventoryTests/Info.plist";
				LD_RUNPATH_SEARCH_PATHS = "$(inherited) @executable_path/Frameworks @loader_path/Frameworks";
				PRODUCT_BUNDLE_IDENTIFIER = "com.teclib.flyve-mdm-ios-inventoryTests";
				PRODUCT_NAME = "$(TARGET_NAME)";
				SWIFT_VERSION = 3.0;
			};
			name = Debug;
		};
		0AA4CCD41EE6FF4700E86C24 /* Release */ = {
			isa = XCBuildConfiguration;
			buildSettings = {
				DEVELOPMENT_TEAM = G3UM9C856M;
				INFOPLIST_FILE = "flyve-mdm-ios-inventoryTests/Info.plist";
				LD_RUNPATH_SEARCH_PATHS = "$(inherited) @executable_path/Frameworks @loader_path/Frameworks";
				PRODUCT_BUNDLE_IDENTIFIER = "com.teclib.flyve-mdm-ios-inventoryTests";
				PRODUCT_NAME = "$(TARGET_NAME)";
				SWIFT_VERSION = 3.0;
			};
			name = Release;
		};
/* End XCBuildConfiguration section */

/* Begin XCConfigurationList section */
		0AA4CCB51EE6FF4600E86C24 /* Build configuration list for PBXProject "flyve-mdm-ios-inventory" */ = {
			isa = XCConfigurationList;
			buildConfigurations = (
				0AA4CCCD1EE6FF4700E86C24 /* Debug */,
				0AA4CCCE1EE6FF4700E86C24 /* Release */,
			);
			defaultConfigurationIsVisible = 0;
			defaultConfigurationName = Release;
		};
		0AA4CCCF1EE6FF4700E86C24 /* Build configuration list for PBXNativeTarget "flyve-mdm-ios-inventory" */ = {
			isa = XCConfigurationList;
			buildConfigurations = (
				0AA4CCD01EE6FF4700E86C24 /* Debug */,
				0AA4CCD11EE6FF4700E86C24 /* Release */,
			);
			defaultConfigurationIsVisible = 0;
		};
		0AA4CCD21EE6FF4700E86C24 /* Build configuration list for PBXNativeTarget "flyve-mdm-ios-inventoryTests" */ = {
			isa = XCConfigurationList;
			buildConfigurations = (
				0AA4CCD31EE6FF4700E86C24 /* Debug */,
				0AA4CCD41EE6FF4700E86C24 /* Release */,
			);
			defaultConfigurationIsVisible = 0;
		};
/* End XCConfigurationList section */
	};
	rootObject = 0AA4CCB21EE6FF4600E86C24 /* Project object */;
}
