PODS:
  - FlyveMDMInventory (1.1.0)

DEPENDENCIES:
  - FlyveMDMInventory (from `../../flyve-mdm-ios-inventory`)

EXTERNAL SOURCES:
  FlyveMDMInventory:
    :path: "../../flyve-mdm-ios-inventory"

SPEC CHECKSUMS:
  FlyveMDMInventory: 5da09cd94b2beec002293a7b9b004af67e27683a

PODFILE CHECKSUM: 0e0dd78cb5ceb90566790ddc323adec7cd28fe9e

COCOAPODS: 1.2.1
