PODS:
  - FlyveMDMInventory (1.2.1)

DEPENDENCIES:
  - FlyveMDMInventory (from `../../flyve-mdm-ios-inventory`)

EXTERNAL SOURCES:
  FlyveMDMInventory:
    :path: "../../flyve-mdm-ios-inventory"

SPEC CHECKSUMS:
  FlyveMDMInventory: 88132f532b4362f24cb1214a2d32fa68b2006509

PODFILE CHECKSUM: ab0f9b29e16096e67b4ad62da46ef4de150c86e0

COCOAPODS: 1.2.1
